
Microsoft Visual Studio Solution File, Format Version 12.00
Project("{FAE04EC0-301F-11D3-BF4B-00C04F79EFBC}") = "BESEApiSample", "BESEApiSample\BESEApiSample.csproj", "{B8690462-D532-47EC-B768-9385C639CA1B}"
EndProject
Project("{2150E333-8FDC-42A3-9474-1A3956D46DE8}") = "Future", "Future", "{19FD288F-E187-49CA-B4D5-16E8EDEFCC81}"
EndProject
Project("{2150E333-8FDC-42A3-9474-1A3956D46DE8}") = "Spot", "Spot", "{3C4F68F3-F479-45FC-B216-6DFA1B32B448}"
EndProject
Project("{FAE04EC0-301F-11D3-BF4B-00C04F79EFBC}") = "FuturesWsAuthenticationProject", "FuturesWsAuthenticationProject\FuturesWsAuthenticationProject.csproj", "{9B620D32-277C-48F9-8A3A-B60E74CE01DF}"
EndProject
Project("{FAE04EC0-301F-11D3-BF4B-00C04F79EFBC}") = "SpotMakeOrderProject", "SpotMakeOrderProject\SpotMakeOrderProject.csproj", "{35C58D50-0912-45FC-8E6F-F63D22F13BA6}"
EndProject
Project("{FAE04EC0-301F-11D3-BF4B-00C04F79EFBC}") = "SpotCancelOrderProject", "SpotCancelOrderProject\SpotCancelOrderProject.csproj", "{AE0DBB25-CBE4-4CEF-98B4-3E2C3C5CD667}"
EndProject
Project("{FAE04EC0-301F-11D3-BF4B-00C04F79EFBC}") = "FutureQueryMarketPriceProject", "FutureQueryMarketPriceProject\FutureQueryMarketPriceProject.csproj", "{8DA88315-637E-407B-A4C2-F6A74384D920}"
EndProject
Project("{FAE04EC0-301F-11D3-BF4B-00C04F79EFBC}") = "FutureMakeOrderProject", "FutureMakeOrderProject\FutureMakeOrderProject.csproj", "{A2BF7A00-15E1-4B98-9E74-04E8FD821EC1}"
EndProject
Global
	GlobalSection(SolutionConfigurationPlatforms) = preSolution
		Debug|Any CPU = Debug|Any CPU
		Release|Any CPU = Release|Any CPU
	EndGlobalSection
	GlobalSection(ProjectConfigurationPlatforms) = postSolution
		{B8690462-D532-47EC-B768-9385C639CA1B}.Debug|Any CPU.ActiveCfg = Debug|Any CPU
		{B8690462-D532-47EC-B768-9385C639CA1B}.Debug|Any CPU.Build.0 = Debug|Any CPU
		{B8690462-D532-47EC-B768-9385C639CA1B}.Release|Any CPU.ActiveCfg = Release|Any CPU
		{B8690462-D532-47EC-B768-9385C639CA1B}.Release|Any CPU.Build.0 = Release|Any CPU
		{9B620D32-277C-48F9-8A3A-B60E74CE01DF}.Debug|Any CPU.ActiveCfg = Debug|Any CPU
		{9B620D32-277C-48F9-8A3A-B60E74CE01DF}.Debug|Any CPU.Build.0 = Debug|Any CPU
		{9B620D32-277C-48F9-8A3A-B60E74CE01DF}.Release|Any CPU.ActiveCfg = Release|Any CPU
		{9B620D32-277C-48F9-8A3A-B60E74CE01DF}.Release|Any CPU.Build.0 = Release|Any CPU
		{35C58D50-0912-45FC-8E6F-F63D22F13BA6}.Debug|Any CPU.ActiveCfg = Debug|Any CPU
		{35C58D50-0912-45FC-8E6F-F63D22F13BA6}.Debug|Any CPU.Build.0 = Debug|Any CPU
		{35C58D50-0912-45FC-8E6F-F63D22F13BA6}.Release|Any CPU.ActiveCfg = Release|Any CPU
		{35C58D50-0912-45FC-8E6F-F63D22F13BA6}.Release|Any CPU.Build.0 = Release|Any CPU
		{AE0DBB25-CBE4-4CEF-98B4-3E2C3C5CD667}.Debug|Any CPU.ActiveCfg = Debug|Any CPU
		{AE0DBB25-CBE4-4CEF-98B4-3E2C3C5CD667}.Debug|Any CPU.Build.0 = Debug|Any CPU
		{AE0DBB25-CBE4-4CEF-98B4-3E2C3C5CD667}.Release|Any CPU.ActiveCfg = Release|Any CPU
		{AE0DBB25-CBE4-4CEF-98B4-3E2C3C5CD667}.Release|Any CPU.Build.0 = Release|Any CPU
		{8DA88315-637E-407B-A4C2-F6A74384D920}.Debug|Any CPU.ActiveCfg = Debug|Any CPU
		{8DA88315-637E-407B-A4C2-F6A74384D920}.Debug|Any CPU.Build.0 = Debug|Any CPU
		{8DA88315-637E-407B-A4C2-F6A74384D920}.Release|Any CPU.ActiveCfg = Release|Any CPU
		{8DA88315-637E-407B-A4C2-F6A74384D920}.Release|Any CPU.Build.0 = Release|Any CPU
		{A2BF7A00-15E1-4B98-9E74-04E8FD821EC1}.Debug|Any CPU.ActiveCfg = Debug|Any CPU
		{A2BF7A00-15E1-4B98-9E74-04E8FD821EC1}.Debug|Any CPU.Build.0 = Debug|Any CPU
		{A2BF7A00-15E1-4B98-9E74-04E8FD821EC1}.Release|Any CPU.ActiveCfg = Release|Any CPU
		{A2BF7A00-15E1-4B98-9E74-04E8FD821EC1}.Release|Any CPU.Build.0 = Release|Any CPU
	EndGlobalSection
	GlobalSection(NestedProjects) = preSolution
		{9B620D32-277C-48F9-8A3A-B60E74CE01DF} = {19FD288F-E187-49CA-B4D5-16E8EDEFCC81}
		{35C58D50-0912-45FC-8E6F-F63D22F13BA6} = {3C4F68F3-F479-45FC-B216-6DFA1B32B448}
		{AE0DBB25-CBE4-4CEF-98B4-3E2C3C5CD667} = {3C4F68F3-F479-45FC-B216-6DFA1B32B448}
		{8DA88315-637E-407B-A4C2-F6A74384D920} = {19FD288F-E187-49CA-B4D5-16E8EDEFCC81}
		{A2BF7A00-15E1-4B98-9E74-04E8FD821EC1} = {19FD288F-E187-49CA-B4D5-16E8EDEFCC81}
	EndGlobalSection
EndGlobal
