
Microsoft Visual Studio Solution File, Format Version 12.00
Project("{FAE04EC0-301F-11D3-BF4B-00C04F79EFBC}") = "BESEApiSample", "BESEApiSample\BESEApiSample.csproj", "{B8690462-D532-47EC-B768-9385C639CA1B}"
EndProject
Project("{2150E333-8FDC-42A3-9474-1A3956D46DE8}") = "Future", "Future", "{19FD288F-E187-49CA-B4D5-16E8EDEFCC81}"
EndProject
Project("{2150E333-8FDC-42A3-9474-1A3956D46DE8}") = "Spot", "Spot", "{3C4F68F3-F479-45FC-B216-6DFA1B32B448}"
EndProject
Project("{FAE04EC0-301F-11D3-BF4B-00C04F79EFBC}") = "FuturesWsAuthenticationProject", "FuturesWsAuthenticationProject\FuturesWsAuthenticationProject.csproj", "{9B620D32-277C-48F9-8A3A-B60E74CE01DF}"
EndProject
Global
	GlobalSection(SolutionConfigurationPlatforms) = preSolution
		Debug|Any CPU = Debug|Any CPU
		Release|Any CPU = Release|Any CPU
	EndGlobalSection
	GlobalSection(ProjectConfigurationPlatforms) = postSolution
		{B8690462-D532-47EC-B768-9385C639CA1B}.Debug|Any CPU.ActiveCfg = Debug|Any CPU
		{B8690462-D532-47EC-B768-9385C639CA1B}.Debug|Any CPU.Build.0 = Debug|Any CPU
		{B8690462-D532-47EC-B768-9385C639CA1B}.Release|Any CPU.ActiveCfg = Release|Any CPU
		{B8690462-D532-47EC-B768-9385C639CA1B}.Release|Any CPU.Build.0 = Release|Any CPU
		{9B620D32-277C-48F9-8A3A-B60E74CE01DF}.Debug|Any CPU.ActiveCfg = Debug|Any CPU
		{9B620D32-277C-48F9-8A3A-B60E74CE01DF}.Debug|Any CPU.Build.0 = Debug|Any CPU
		{9B620D32-277C-48F9-8A3A-B60E74CE01DF}.Release|Any CPU.ActiveCfg = Release|Any CPU
		{9B620D32-277C-48F9-8A3A-B60E74CE01DF}.Release|Any CPU.Build.0 = Release|Any CPU
	EndGlobalSection
	GlobalSection(NestedProjects) = preSolution
		{9B620D32-277C-48F9-8A3A-B60E74CE01DF} = {19FD288F-E187-49CA-B4D5-16E8EDEFCC81}
	EndGlobalSection
EndGlobal
